{
  "version": 4,
  "terraform_version": "1.5.3",
  "serial": 59,
  "lineage": "8009b387-6727-d041-ebea-f28e9dbdae27",
  "outputs": {
    "static_ip": {
      "value": "104.198.221.224",
      "type": "string"
    }
  },
  "resources": [
    {
      "mode": "managed",
      "type": "google_bigquery_dataset",
      "name": "dataset",
      "provider": "provider[\"registry.terraform.io/hashicorp/google\"]",
      "instances": [
        {
          "schema_version": 0,
          "attributes": {
            "access": [
              {
                "domain": "",
                "group_by_email": "",
                "role": "OWNER",
                "special_group": "",
                "user_by_email": "bqowner@phonic-agility-279410.iam.gserviceaccount.com",
                "view": []
              },
              {
                "domain": "hashicorp.com",
                "group_by_email": "",
                "role": "READER",
                "special_group": "",
                "user_by_email": "",
                "view": []
              }
            ],
            "creation_time": -797891895,
            "dataset_id": "example_dataset",
            "default_encryption_configuration": [],
            "default_partition_expiration_ms": 0,
            "default_table_expiration_ms": 3600000,
            "delete_contents_on_destroy": false,
            "description": "This is a test description",
            "etag": "NBtcZddW/UgybCUsy0O5eg==",
            "friendly_name": "test",
            "id": "projects/phonic-agility-279410/datasets/example_dataset",
            "labels": {
              "env": "default"
            },
            "last_modified_time": -797891895,
            "location": "EU",
            "project": "phonic-agility-279410",
            "self_link": "https://www.googleapis.com/bigquery/v2/projects/phonic-agility-279410/datasets/example_dataset",
            "timeouts": null
          },
          "sensitive_attributes": [],
          "private": "eyJlMmJmYjczMC1lY2FhLTExZTYtOGY4OC0zNDM2M2JjN2M0YzAiOnsiY3JlYXRlIjoyNDAwMDAwMDAwMDAsImRlbGV0ZSI6MjQwMDAwMDAwMDAwLCJ1cGRhdGUiOjI0MDAwMDAwMDAwMH19",
          "dependencies": [
            "google_service_account.bqowner"
          ]
        }
      ]
    },
    {
      "mode": "managed",
      "type": "google_compute_address",
      "name": "static_ip",
      "provider": "provider[\"registry.terraform.io/hashicorp/google\"]",
      "instances": [
        {
          "schema_version": 0,
          "attributes": {
            "address": "104.198.221.224",
            "address_type": "EXTERNAL",
            "creation_timestamp": "2023-08-07T07:40:20.410-07:00",
            "description": "",
            "id": "projects/phonic-agility-279410/regions/us-central1/addresses/terraform-instance-static-ip",
            "name": "terraform-instance-static-ip",
            "network_tier": "PREMIUM",
            "project": "phonic-agility-279410",
            "purpose": "",
            "region": "us-central1",
            "self_link": "https://www.googleapis.com/compute/v1/projects/phonic-agility-279410/regions/us-central1/addresses/terraform-instance-static-ip",
            "subnetwork": "",
            "timeouts": null,
            "users": []
          },
          "sensitive_attributes": [],
          "private": "eyJlMmJmYjczMC1lY2FhLTExZTYtOGY4OC0zNDM2M2JjN2M0YzAiOnsiY3JlYXRlIjoyNDAwMDAwMDAwMDAsImRlbGV0ZSI6MjQwMDAwMDAwMDAwfX0="
        }
      ]
    },
    {
      "mode": "managed",
      "type": "google_compute_instance",
      "name": "vm_instance",
      "provider": "provider[\"registry.terraform.io/hashicorp/google\"]",
      "instances": [
        {
          "schema_version": 6,
          "attributes": {
            "allow_stopping_for_update": null,
            "attached_disk": [],
            "boot_disk": [
              {
                "auto_delete": true,
                "device_name": "persistent-disk-0",
                "disk_encryption_key_raw": "",
                "disk_encryption_key_sha256": "",
                "initialize_params": [
                  {
                    "image": "https://www.googleapis.com/compute/v1/projects/debian-cloud/global/images/debian-11-bullseye-v20230711",
                    "labels": {},
                    "size": 10,
                    "type": "pd-standard"
                  }
                ],
                "kms_key_self_link": "",
                "mode": "READ_WRITE",
                "source": "https://www.googleapis.com/compute/v1/projects/phonic-agility-279410/zones/us-central1-a/disks/terraform-instance"
              }
            ],
            "can_ip_forward": false,
            "cpu_platform": "Intel Broadwell",
            "deletion_protection": false,
            "description": "",
            "enable_display": false,
            "guest_accelerator": [],
            "hostname": "",
            "id": "projects/phonic-agility-279410/zones/us-central1-a/instances/terraform-instance",
            "instance_id": "6468146336301366291",
            "label_fingerprint": "42WmSpB8rSM=",
            "labels": null,
            "machine_type": "e2-micro",
            "metadata": {
              "ssh-keys": "massipssa:ssh-rsa AAAAB3NzaC1yc2EAAAADAQABAAABAQCqgcgxxabaQ/SnVMqB3U+U2sy4EPvzLsJJbil08HtpMLOqxID0kxgcZwwgFOUegV7L5XOPiMe1TCJxgwEaBN5voT00F+g3E/MVlaoUVhNau3Ku5uEolMtmWou5u6mhVMlcSDVmj/KvS3JsGGseyagPi1nyWek1Dt8CiAO8QaFjhFBX95Bo+4UMvOUfCPw6bDuPbcVXbde7NgBeK1Ihq/wFjC2VKSMyxRmuz5ovJXIPXctVFoJ3JyvusSfW9vy17y3qbl2npdZgzRD69xRuYg9HrGY8ItX+SR1A8IASNXzBuHoIUedHaylFv883uUQcWrihGXVoCBeL6U2PxH5tJIk/ Utilisateur@Massipssa\n"
            },
            "metadata_fingerprint": "L4qbgIfmj0A=",
            "metadata_startup_script": "",
            "min_cpu_platform": "",
            "name": "terraform-instance",
            "network_interface": [
              {
                "access_config": [
                  {
                    "nat_ip": "104.198.221.224",
                    "network_tier": "PREMIUM",
                    "public_ptr_domain_name": ""
                  }
                ],
                "alias_ip_range": [],
                "name": "nic0",
                "network": "https://www.googleapis.com/compute/v1/projects/phonic-agility-279410/global/networks/test-vpc",
                "network_ip": "10.0.0.2",
                "subnetwork": "https://www.googleapis.com/compute/v1/projects/phonic-agility-279410/regions/us-central1/subnetworks/test-subnet",
                "subnetwork_project": "phonic-agility-279410"
              }
            ],
            "project": "phonic-agility-279410",
            "scheduling": [
              {
                "automatic_restart": true,
                "node_affinities": [],
                "on_host_maintenance": "MIGRATE",
                "preemptible": false
              }
            ],
            "scratch_disk": [],
            "self_link": "https://www.googleapis.com/compute/v1/projects/phonic-agility-279410/zones/us-central1-a/instances/terraform-instance",
            "service_account": [],
            "shielded_instance_config": [
              {
                "enable_integrity_monitoring": true,
                "enable_secure_boot": false,
                "enable_vtpm": true
              }
            ],
            "tags": null,
            "tags_fingerprint": "42WmSpB8rSM=",
            "timeouts": null,
            "zone": "us-central1-a"
          },
          "sensitive_attributes": [],
          "private": "eyJlMmJmYjczMC1lY2FhLTExZTYtOGY4OC0zNDM2M2JjN2M0YzAiOnsiY3JlYXRlIjoxMjAwMDAwMDAwMDAwLCJkZWxldGUiOjEyMDAwMDAwMDAwMDAsInVwZGF0ZSI6MTIwMDAwMDAwMDAwMH0sInNjaGVtYV92ZXJzaW9uIjoiNiJ9",
          "dependencies": [
            "google_compute_address.static_ip",
            "google_compute_network.vpc_network",
            "google_compute_subnetwork.subnet"
          ]
        }
      ]
    },
    {
      "mode": "managed",
      "type": "google_compute_network",
      "name": "vpc_network",
      "provider": "provider[\"registry.terraform.io/hashicorp/google\"]",
      "instances": [
        {
          "schema_version": 0,
          "attributes": {
            "auto_create_subnetworks": true,
            "delete_default_routes_on_create": false,
            "description": "",
            "gateway_ipv4": "",
            "id": "projects/phonic-agility-279410/global/networks/test-vpc",
            "ipv4_range": null,
            "name": "test-vpc",
            "project": "phonic-agility-279410",
            "routing_mode": "REGIONAL",
            "self_link": "https://www.googleapis.com/compute/v1/projects/phonic-agility-279410/global/networks/test-vpc",
            "timeouts": null
          },
          "sensitive_attributes": [],
          "private": "eyJlMmJmYjczMC1lY2FhLTExZTYtOGY4OC0zNDM2M2JjN2M0YzAiOnsiY3JlYXRlIjoyNDAwMDAwMDAwMDAsImRlbGV0ZSI6MjQwMDAwMDAwMDAwLCJ1cGRhdGUiOjI0MDAwMDAwMDAwMH19"
        }
      ]
    },
    {
      "mode": "managed",
      "type": "google_compute_subnetwork",
      "name": "subnet",
      "provider": "provider[\"registry.terraform.io/hashicorp/google\"]",
      "instances": [
        {
          "schema_version": 0,
          "attributes": {
            "creation_timestamp": "2023-08-07T07:42:50.533-07:00",
            "description": "",
            "enable_flow_logs": null,
            "fingerprint": null,
            "gateway_address": "10.0.0.1",
            "id": "projects/phonic-agility-279410/regions/us-central1/subnetworks/test-subnet",
            "ip_cidr_range": "10.0.0.0/24",
            "log_config": [],
            "name": "test-subnet",
            "network": "https://www.googleapis.com/compute/v1/projects/phonic-agility-279410/global/networks/test-vpc",
            "private_ip_google_access": false,
            "project": "phonic-agility-279410",
            "region": "us-central1",
            "secondary_ip_range": [],
            "self_link": "https://www.googleapis.com/compute/v1/projects/phonic-agility-279410/regions/us-central1/subnetworks/test-subnet",
            "timeouts": null
          },
          "sensitive_attributes": [],
          "private": "eyJlMmJmYjczMC1lY2FhLTExZTYtOGY4OC0zNDM2M2JjN2M0YzAiOnsiY3JlYXRlIjozNjAwMDAwMDAwMDAsImRlbGV0ZSI6MzYwMDAwMDAwMDAwLCJ1cGRhdGUiOjM2MDAwMDAwMDAwMH19",
          "dependencies": [
            "google_compute_network.vpc_network"
          ]
        }
      ]
    },
    {
      "mode": "managed",
      "type": "google_project_iam_custom_role",
      "name": "my-custom-role",
      "provider": "provider[\"registry.terraform.io/hashicorp/google\"]",
      "instances": [
        {
          "schema_version": 0,
          "attributes": {
            "deleted": false,
            "description": "A description",
            "id": "projects/phonic-agility-279410/roles/myCustomRole",
            "permissions": [
              "iam.roles.create",
              "iam.roles.delete",
              "iam.roles.list"
            ],
            "project": "phonic-agility-279410",
            "role_id": "myCustomRole",
            "stage": "BETA",
            "title": "My Custom Role"
          },
          "sensitive_attributes": [],
          "private": "bnVsbA=="
        }
      ]
    },
    {
      "mode": "managed",
      "type": "google_service_account",
      "name": "bqowner",
      "provider": "provider[\"registry.terraform.io/hashicorp/google\"]",
      "instances": [
        {
          "schema_version": 0,
          "attributes": {
            "account_id": "bqowner",
            "description": "",
            "display_name": "",
            "email": "bqowner@phonic-agility-279410.iam.gserviceaccount.com",
            "id": "projects/phonic-agility-279410/serviceAccounts/bqowner@phonic-agility-279410.iam.gserviceaccount.com",
            "name": "projects/phonic-agility-279410/serviceAccounts/bqowner@phonic-agility-279410.iam.gserviceaccount.com",
            "project": "phonic-agility-279410",
            "unique_id": "103074702523173256241"
          },
          "sensitive_attributes": [],
          "private": "bnVsbA=="
        }
      ]
    }
  ],
  "check_results": null
}
