{
  "version": 4,
  "terraform_version": "1.5.3",
  "serial": 160,
  "lineage": "2f25f20c-cfb4-460d-2bf1-d4da751a0a77",
  "outputs": {
    "aws_alb_public_dns": {
      "value": "http://globo-web-alb-1289370999.us-east-1.elb.amazonaws.com",
      "type": "string"
    }
  },
  "resources": [
    {
      "mode": "data",
      "type": "aws_availability_zones",
      "name": "available",
      "provider": "provider[\"registry.terraform.io/hashicorp/aws\"]",
      "instances": [
        {
          "schema_version": 0,
          "attributes": {
            "all_availability_zones": null,
            "exclude_names": null,
            "exclude_zone_ids": null,
            "filter": null,
            "group_names": [
              "us-east-1"
            ],
            "id": "us-east-1",
            "names": [
              "us-east-1a",
              "us-east-1b",
              "us-east-1c",
              "us-east-1d",
              "us-east-1e",
              "us-east-1f"
            ],
            "state": "available",
            "timeouts": null,
            "zone_ids": [
              "use1-az4",
              "use1-az6",
              "use1-az1",
              "use1-az2",
              "use1-az3",
              "use1-az5"
            ]
          },
          "sensitive_attributes": []
        }
      ]
    },
    {
      "mode": "data",
      "type": "aws_elb_service_account",
      "name": "root",
      "provider": "provider[\"registry.terraform.io/hashicorp/aws\"]",
      "instances": [
        {
          "schema_version": 0,
          "attributes": {
            "arn": "arn:aws:iam::127311923021:root",
            "id": "127311923021",
            "region": null
          },
          "sensitive_attributes": []
        }
      ]
    },
    {
      "mode": "data",
      "type": "aws_ssm_parameter",
      "name": "ami",
      "provider": "provider[\"registry.terraform.io/hashicorp/aws\"]",
      "instances": [
        {
          "schema_version": 0,
          "attributes": {
            "arn": "arn:aws:ssm:us-east-1::parameter/aws/service/ami-amazon-linux-latest/amzn2-ami-hvm-x86_64-gp2",
            "id": "/aws/service/ami-amazon-linux-latest/amzn2-ami-hvm-x86_64-gp2",
            "name": "/aws/service/ami-amazon-linux-latest/amzn2-ami-hvm-x86_64-gp2",
            "type": "String",
            "value": "ami-0ee3dd41c47751fe6",
            "version": 90,
            "with_decryption": true
          },
          "sensitive_attributes": []
        }
      ]
    },
    {
      "mode": "managed",
      "type": "aws_instance",
      "name": "nginx",
      "provider": "provider[\"registry.terraform.io/hashicorp/aws\"]",
      "instances": [
        {
          "index_key": 0,
          "schema_version": 1,
          "attributes": {
            "ami": "ami-0ee3dd41c47751fe6",
            "arn": "arn:aws:ec2:us-east-1:827518711034:instance/i-075446d84323b5c5e",
            "associate_public_ip_address": true,
            "availability_zone": "us-east-1a",
            "capacity_reservation_specification": [
              {
                "capacity_reservation_preference": "open",
                "capacity_reservation_target": []
              }
            ],
            "cpu_core_count": 1,
            "cpu_options": [
              {
                "amd_sev_snp": "",
                "core_count": 1,
                "threads_per_core": 1
              }
            ],
            "cpu_threads_per_core": 1,
            "credit_specification": [
              {
                "cpu_credits": "standard"
              }
            ],
            "disable_api_stop": false,
            "disable_api_termination": false,
            "ebs_block_device": [],
            "ebs_optimized": false,
            "enclave_options": [
              {
                "enabled": false
              }
            ],
            "ephemeral_block_device": [],
            "get_password_data": false,
            "hibernation": false,
            "host_id": "",
            "host_resource_group_arn": null,
            "iam_instance_profile": "nginx_profile",
            "id": "i-075446d84323b5c5e",
            "instance_initiated_shutdown_behavior": "stop",
            "instance_state": "running",
            "instance_type": "t2.micro",
            "ipv6_address_count": 0,
            "ipv6_addresses": [],
            "key_name": "",
            "launch_template": [],
            "maintenance_options": [
              {
                "auto_recovery": "default"
              }
            ],
            "metadata_options": [
              {
                "http_endpoint": "enabled",
                "http_put_response_hop_limit": 1,
                "http_tokens": "optional",
                "instance_metadata_tags": "disabled"
              }
            ],
            "monitoring": false,
            "network_interface": [],
            "outpost_arn": "",
            "password_data": "",
            "placement_group": "",
            "placement_partition_number": 0,
            "primary_network_interface_id": "eni-0497c57b997f11d01",
            "private_dns": "ip-10-0-0-180.ec2.internal",
            "private_dns_name_options": [
              {
                "enable_resource_name_dns_a_record": false,
                "enable_resource_name_dns_aaaa_record": false,
                "hostname_type": "ip-name"
              }
            ],
            "private_ip": "10.0.0.180",
            "public_dns": "ec2-50-17-2-221.compute-1.amazonaws.com",
            "public_ip": "50.17.2.221",
            "root_block_device": [
              {
                "delete_on_termination": true,
                "device_name": "/dev/xvda",
                "encrypted": false,
                "iops": 100,
                "kms_key_id": "",
                "tags": {},
                "throughput": 0,
                "volume_id": "vol-073570ed411ba6643",
                "volume_size": 8,
                "volume_type": "gp2"
              }
            ],
            "secondary_private_ips": [],
            "security_groups": [],
            "source_dest_check": true,
            "subnet_id": "subnet-0d6d4a09525936f89",
            "tags": {
              "billing_code": "827518711034",
              "company": "Globomantics",
              "environment": "development",
              "project": "Globomantics-test"
            },
            "tags_all": {
              "billing_code": "827518711034",
              "company": "Globomantics",
              "environment": "development",
              "project": "Globomantics-test"
            },
            "tenancy": "default",
            "timeouts": null,
            "user_data": "a0e07855c93a7dfc55c1b712ecb538c90f8c8019",
            "user_data_base64": null,
            "user_data_replace_on_change": false,
            "volume_tags": null,
            "vpc_security_group_ids": [
              "sg-0e4e66bd8f922e3d1"
            ]
          },
          "sensitive_attributes": [],
          "private": "eyJlMmJmYjczMC1lY2FhLTExZTYtOGY4OC0zNDM2M2JjN2M0YzAiOnsiY3JlYXRlIjo2MDAwMDAwMDAwMDAsImRlbGV0ZSI6MTIwMDAwMDAwMDAwMCwidXBkYXRlIjo2MDAwMDAwMDAwMDB9LCJzY2hlbWFfdmVyc2lvbiI6IjEifQ==",
          "dependencies": [
            "aws_security_group.nginx_sg",
            "data.aws_availability_zones.available",
            "data.aws_elb_service_account.root",
            "data.aws_ssm_parameter.ami",
            "module.app.aws_subnet.public",
            "module.app.aws_vpc.this",
            "module.app.aws_vpc_ipv4_cidr_block_association.this",
            "module.web_app_s3.aws_iam_instance_profile.nginx_profile",
            "module.web_app_s3.aws_iam_role.allow_nginx_s3",
            "module.web_app_s3.aws_iam_role_policy.allow_s3_all",
            "module.web_app_s3.aws_s3_bucket.web_bucket",
            "module.web_app_s3.aws_s3_bucket_policy.web_bucket",
            "random_integer.s3"
          ]
        },
        {
          "index_key": 1,
          "schema_version": 1,
          "attributes": {
            "ami": "ami-0ee3dd41c47751fe6",
            "arn": "arn:aws:ec2:us-east-1:827518711034:instance/i-08dcc1fd574cc5364",
            "associate_public_ip_address": true,
            "availability_zone": "us-east-1b",
            "capacity_reservation_specification": [
              {
                "capacity_reservation_preference": "open",
                "capacity_reservation_target": []
              }
            ],
            "cpu_core_count": 1,
            "cpu_options": [
              {
                "amd_sev_snp": "",
                "core_count": 1,
                "threads_per_core": 1
              }
            ],
            "cpu_threads_per_core": 1,
            "credit_specification": [
              {
                "cpu_credits": "standard"
              }
            ],
            "disable_api_stop": false,
            "disable_api_termination": false,
            "ebs_block_device": [],
            "ebs_optimized": false,
            "enclave_options": [
              {
                "enabled": false
              }
            ],
            "ephemeral_block_device": [],
            "get_password_data": false,
            "hibernation": false,
            "host_id": "",
            "host_resource_group_arn": null,
            "iam_instance_profile": "nginx_profile",
            "id": "i-08dcc1fd574cc5364",
            "instance_initiated_shutdown_behavior": "stop",
            "instance_state": "running",
            "instance_type": "t2.micro",
            "ipv6_address_count": 0,
            "ipv6_addresses": [],
            "key_name": "",
            "launch_template": [],
            "maintenance_options": [
              {
                "auto_recovery": "default"
              }
            ],
            "metadata_options": [
              {
                "http_endpoint": "enabled",
                "http_put_response_hop_limit": 1,
                "http_tokens": "optional",
                "instance_metadata_tags": "disabled"
              }
            ],
            "monitoring": false,
            "network_interface": [],
            "outpost_arn": "",
            "password_data": "",
            "placement_group": "",
            "placement_partition_number": 0,
            "primary_network_interface_id": "eni-0aecdf724026d860c",
            "private_dns": "ip-10-0-1-63.ec2.internal",
            "private_dns_name_options": [
              {
                "enable_resource_name_dns_a_record": false,
                "enable_resource_name_dns_aaaa_record": false,
                "hostname_type": "ip-name"
              }
            ],
            "private_ip": "10.0.1.63",
            "public_dns": "ec2-54-92-178-184.compute-1.amazonaws.com",
            "public_ip": "54.92.178.184",
            "root_block_device": [
              {
                "delete_on_termination": true,
                "device_name": "/dev/xvda",
                "encrypted": false,
                "iops": 100,
                "kms_key_id": "",
                "tags": {},
                "throughput": 0,
                "volume_id": "vol-00850e2b3341847bf",
                "volume_size": 8,
                "volume_type": "gp2"
              }
            ],
            "secondary_private_ips": [],
            "security_groups": [],
            "source_dest_check": true,
            "subnet_id": "subnet-0e69840a804212945",
            "tags": {
              "billing_code": "827518711034",
              "company": "Globomantics",
              "environment": "development",
              "project": "Globomantics-test"
            },
            "tags_all": {
              "billing_code": "827518711034",
              "company": "Globomantics",
              "environment": "development",
              "project": "Globomantics-test"
            },
            "tenancy": "default",
            "timeouts": null,
            "user_data": "a0e07855c93a7dfc55c1b712ecb538c90f8c8019",
            "user_data_base64": null,
            "user_data_replace_on_change": false,
            "volume_tags": null,
            "vpc_security_group_ids": [
              "sg-0e4e66bd8f922e3d1"
            ]
          },
          "sensitive_attributes": [],
          "private": "eyJlMmJmYjczMC1lY2FhLTExZTYtOGY4OC0zNDM2M2JjN2M0YzAiOnsiY3JlYXRlIjo2MDAwMDAwMDAwMDAsImRlbGV0ZSI6MTIwMDAwMDAwMDAwMCwidXBkYXRlIjo2MDAwMDAwMDAwMDB9LCJzY2hlbWFfdmVyc2lvbiI6IjEifQ==",
          "dependencies": [
            "aws_security_group.nginx_sg",
            "data.aws_availability_zones.available",
            "data.aws_elb_service_account.root",
            "data.aws_ssm_parameter.ami",
            "module.app.aws_subnet.public",
            "module.app.aws_vpc.this",
            "module.app.aws_vpc_ipv4_cidr_block_association.this",
            "module.web_app_s3.aws_iam_instance_profile.nginx_profile",
            "module.web_app_s3.aws_iam_role.allow_nginx_s3",
            "module.web_app_s3.aws_iam_role_policy.allow_s3_all",
            "module.web_app_s3.aws_s3_bucket.web_bucket",
            "module.web_app_s3.aws_s3_bucket_policy.web_bucket",
            "random_integer.s3"
          ]
        }
      ]
    },
    {
      "mode": "managed",
      "type": "aws_lb",
      "name": "nginx",
      "provider": "provider[\"registry.terraform.io/hashicorp/aws\"]",
      "instances": [
        {
          "schema_version": 0,
          "attributes": {
            "access_logs": [
              {
                "bucket": "globo-web-app-development-28859",
                "enabled": true,
                "prefix": "alb-logs"
              }
            ],
            "arn": "arn:aws:elasticloadbalancing:us-east-1:827518711034:loadbalancer/app/globo-web-alb/11406c39f0210db1",
            "arn_suffix": "app/globo-web-alb/11406c39f0210db1",
            "customer_owned_ipv4_pool": "",
            "desync_mitigation_mode": "defensive",
            "dns_name": "globo-web-alb-1289370999.us-east-1.elb.amazonaws.com",
            "drop_invalid_header_fields": false,
            "enable_cross_zone_load_balancing": true,
            "enable_deletion_protection": false,
            "enable_http2": true,
            "enable_tls_version_and_cipher_suite_headers": false,
            "enable_waf_fail_open": false,
            "enable_xff_client_port": false,
            "id": "arn:aws:elasticloadbalancing:us-east-1:827518711034:loadbalancer/app/globo-web-alb/11406c39f0210db1",
            "idle_timeout": 60,
            "internal": false,
            "ip_address_type": "ipv4",
            "load_balancer_type": "application",
            "name": "globo-web-alb",
            "name_prefix": null,
            "preserve_host_header": false,
            "security_groups": [
              "sg-055b170b0cae01a3e"
            ],
            "subnet_mapping": [
              {
                "allocation_id": "",
                "ipv6_address": "",
                "outpost_id": "",
                "private_ipv4_address": "",
                "subnet_id": "subnet-0d6d4a09525936f89"
              },
              {
                "allocation_id": "",
                "ipv6_address": "",
                "outpost_id": "",
                "private_ipv4_address": "",
                "subnet_id": "subnet-0e69840a804212945"
              }
            ],
            "subnets": [
              "subnet-0d6d4a09525936f89",
              "subnet-0e69840a804212945"
            ],
            "tags": {
              "billing_code": "827518711034",
              "company": "Globomantics",
              "environment": "development",
              "project": "Globomantics-test"
            },
            "tags_all": {
              "billing_code": "827518711034",
              "company": "Globomantics",
              "environment": "development",
              "project": "Globomantics-test"
            },
            "timeouts": null,
            "vpc_id": "vpc-0cb2e1ab4be13f606",
            "xff_header_processing_mode": "append",
            "zone_id": "Z35SXDOTRQ7X7K"
          },
          "sensitive_attributes": [],
          "private": "eyJlMmJmYjczMC1lY2FhLTExZTYtOGY4OC0zNDM2M2JjN2M0YzAiOnsiY3JlYXRlIjo2MDAwMDAwMDAwMDAsImRlbGV0ZSI6NjAwMDAwMDAwMDAwLCJ1cGRhdGUiOjYwMDAwMDAwMDAwMH19",
          "dependencies": [
            "aws_security_group.alb_sg",
            "data.aws_availability_zones.available",
            "data.aws_elb_service_account.root",
            "module.app.aws_subnet.public",
            "module.app.aws_vpc.this",
            "module.app.aws_vpc_ipv4_cidr_block_association.this",
            "module.web_app_s3.aws_iam_instance_profile.nginx_profile",
            "module.web_app_s3.aws_iam_role.allow_nginx_s3",
            "module.web_app_s3.aws_iam_role_policy.allow_s3_all",
            "module.web_app_s3.aws_s3_bucket.web_bucket",
            "module.web_app_s3.aws_s3_bucket_policy.web_bucket",
            "random_integer.s3"
          ]
        }
      ]
    },
    {
      "mode": "managed",
      "type": "aws_lb_listener",
      "name": "nginx",
      "provider": "provider[\"registry.terraform.io/hashicorp/aws\"]",
      "instances": [
        {
          "schema_version": 0,
          "attributes": {
            "alpn_policy": null,
            "arn": "arn:aws:elasticloadbalancing:us-east-1:827518711034:listener/app/globo-web-alb/11406c39f0210db1/62130e10012ef537",
            "certificate_arn": null,
            "default_action": [
              {
                "authenticate_cognito": [],
                "authenticate_oidc": [],
                "fixed_response": [],
                "forward": [],
                "order": 1,
                "redirect": [],
                "target_group_arn": "arn:aws:elasticloadbalancing:us-east-1:827518711034:targetgroup/nginx-alb-tg/71b6d8688dedf16c",
                "type": "forward"
              }
            ],
            "id": "arn:aws:elasticloadbalancing:us-east-1:827518711034:listener/app/globo-web-alb/11406c39f0210db1/62130e10012ef537",
            "load_balancer_arn": "arn:aws:elasticloadbalancing:us-east-1:827518711034:loadbalancer/app/globo-web-alb/11406c39f0210db1",
            "port": 80,
            "protocol": "HTTP",
            "ssl_policy": "",
            "tags": {
              "billing_code": "827518711034",
              "company": "Globomantics",
              "environment": "development",
              "project": "Globomantics-test"
            },
            "tags_all": {
              "billing_code": "827518711034",
              "company": "Globomantics",
              "environment": "development",
              "project": "Globomantics-test"
            },
            "timeouts": null
          },
          "sensitive_attributes": [],
          "private": "eyJlMmJmYjczMC1lY2FhLTExZTYtOGY4OC0zNDM2M2JjN2M0YzAiOnsicmVhZCI6NjAwMDAwMDAwMDAwfX0=",
          "dependencies": [
            "aws_lb.nginx",
            "aws_lb_target_group.nginx",
            "aws_security_group.alb_sg",
            "data.aws_availability_zones.available",
            "data.aws_elb_service_account.root",
            "module.app.aws_subnet.public",
            "module.app.aws_vpc.this",
            "module.app.aws_vpc_ipv4_cidr_block_association.this",
            "module.web_app_s3.aws_iam_instance_profile.nginx_profile",
            "module.web_app_s3.aws_iam_role.allow_nginx_s3",
            "module.web_app_s3.aws_iam_role_policy.allow_s3_all",
            "module.web_app_s3.aws_s3_bucket.web_bucket",
            "module.web_app_s3.aws_s3_bucket_policy.web_bucket",
            "random_integer.s3"
          ]
        }
      ]
    },
    {
      "mode": "managed",
      "type": "aws_lb_target_group",
      "name": "nginx",
      "provider": "provider[\"registry.terraform.io/hashicorp/aws\"]",
      "instances": [
        {
          "schema_version": 0,
          "attributes": {
            "arn": "arn:aws:elasticloadbalancing:us-east-1:827518711034:targetgroup/nginx-alb-tg/71b6d8688dedf16c",
            "arn_suffix": "targetgroup/nginx-alb-tg/71b6d8688dedf16c",
            "connection_termination": false,
            "deregistration_delay": "300",
            "health_check": [
              {
                "enabled": true,
                "healthy_threshold": 5,
                "interval": 30,
                "matcher": "200",
                "path": "/",
                "port": "traffic-port",
                "protocol": "HTTP",
                "timeout": 5,
                "unhealthy_threshold": 2
              }
            ],
            "id": "arn:aws:elasticloadbalancing:us-east-1:827518711034:targetgroup/nginx-alb-tg/71b6d8688dedf16c",
            "ip_address_type": "ipv4",
            "lambda_multi_value_headers_enabled": false,
            "load_balancing_algorithm_type": "round_robin",
            "load_balancing_cross_zone_enabled": "use_load_balancer_configuration",
            "name": "nginx-alb-tg",
            "name_prefix": null,
            "port": 80,
            "preserve_client_ip": null,
            "protocol": "HTTP",
            "protocol_version": "HTTP1",
            "proxy_protocol_v2": false,
            "slow_start": 0,
            "stickiness": [
              {
                "cookie_duration": 86400,
                "cookie_name": "",
                "enabled": false,
                "type": "lb_cookie"
              }
            ],
            "tags": {
              "billing_code": "827518711034",
              "company": "Globomantics",
              "environment": "development",
              "project": "Globomantics-test"
            },
            "tags_all": {
              "billing_code": "827518711034",
              "company": "Globomantics",
              "environment": "development",
              "project": "Globomantics-test"
            },
            "target_failover": [
              {
                "on_deregistration": null,
                "on_unhealthy": null
              }
            ],
            "target_type": "instance",
            "vpc_id": "vpc-0cb2e1ab4be13f606"
          },
          "sensitive_attributes": [],
          "private": "bnVsbA==",
          "dependencies": [
            "module.app.aws_vpc.this"
          ]
        }
      ]
    },
    {
      "mode": "managed",
      "type": "aws_lb_target_group_attachment",
      "name": "nginx",
      "provider": "provider[\"registry.terraform.io/hashicorp/aws\"]",
      "instances": [
        {
          "index_key": 0,
          "schema_version": 0,
          "attributes": {
            "availability_zone": null,
            "id": "arn:aws:elasticloadbalancing:us-east-1:827518711034:targetgroup/nginx-alb-tg/71b6d8688dedf16c-20230715160148910900000003",
            "port": 80,
            "target_group_arn": "arn:aws:elasticloadbalancing:us-east-1:827518711034:targetgroup/nginx-alb-tg/71b6d8688dedf16c",
            "target_id": "i-075446d84323b5c5e"
          },
          "sensitive_attributes": [],
          "private": "bnVsbA==",
          "dependencies": [
            "aws_instance.nginx",
            "aws_lb_target_group.nginx",
            "aws_security_group.nginx_sg",
            "data.aws_availability_zones.available",
            "data.aws_elb_service_account.root",
            "data.aws_ssm_parameter.ami",
            "module.app.aws_subnet.public",
            "module.app.aws_vpc.this",
            "module.app.aws_vpc_ipv4_cidr_block_association.this",
            "module.web_app_s3.aws_iam_instance_profile.nginx_profile",
            "module.web_app_s3.aws_iam_role.allow_nginx_s3",
            "module.web_app_s3.aws_iam_role_policy.allow_s3_all",
            "module.web_app_s3.aws_s3_bucket.web_bucket",
            "module.web_app_s3.aws_s3_bucket_policy.web_bucket",
            "random_integer.s3"
          ]
        },
        {
          "index_key": 1,
          "schema_version": 0,
          "attributes": {
            "availability_zone": null,
            "id": "arn:aws:elasticloadbalancing:us-east-1:827518711034:targetgroup/nginx-alb-tg/71b6d8688dedf16c-20230715160149152200000004",
            "port": 80,
            "target_group_arn": "arn:aws:elasticloadbalancing:us-east-1:827518711034:targetgroup/nginx-alb-tg/71b6d8688dedf16c",
            "target_id": "i-08dcc1fd574cc5364"
          },
          "sensitive_attributes": [],
          "private": "bnVsbA==",
          "dependencies": [
            "aws_instance.nginx",
            "aws_lb_target_group.nginx",
            "aws_security_group.nginx_sg",
            "data.aws_availability_zones.available",
            "data.aws_elb_service_account.root",
            "data.aws_ssm_parameter.ami",
            "module.app.aws_subnet.public",
            "module.app.aws_vpc.this",
            "module.app.aws_vpc_ipv4_cidr_block_association.this",
            "module.web_app_s3.aws_iam_instance_profile.nginx_profile",
            "module.web_app_s3.aws_iam_role.allow_nginx_s3",
            "module.web_app_s3.aws_iam_role_policy.allow_s3_all",
            "module.web_app_s3.aws_s3_bucket.web_bucket",
            "module.web_app_s3.aws_s3_bucket_policy.web_bucket",
            "random_integer.s3"
          ]
        }
      ]
    },
    {
      "mode": "managed",
      "type": "aws_s3_object",
      "name": "website_content",
      "provider": "provider[\"registry.terraform.io/hashicorp/aws\"]",
      "instances": [
        {
          "index_key": "logo",
          "schema_version": 0,
          "attributes": {
            "acl": "private",
            "bucket": "globo-web-app-development-28859",
            "bucket_key_enabled": false,
            "cache_control": "",
            "content": null,
            "content_base64": null,
            "content_disposition": "",
            "content_encoding": "",
            "content_language": "",
            "content_type": "binary/octet-stream",
            "etag": "e687fb69f04d709058ec93b505e8c8ee",
            "force_destroy": false,
            "id": "/website/Globo_logo_Vert.png",
            "key": "/website/Globo_logo_Vert.png",
            "kms_key_id": null,
            "metadata": null,
            "object_lock_legal_hold_status": "",
            "object_lock_mode": "",
            "object_lock_retain_until_date": "",
            "server_side_encryption": "AES256",
            "source": ".//website/Globo_logo_Vert.png",
            "source_hash": null,
            "storage_class": "STANDARD",
            "tags": {
              "billing_code": "827518711034",
              "company": "Globomantics",
              "environment": "development",
              "project": "Globomantics-test"
            },
            "tags_all": {
              "billing_code": "827518711034",
              "company": "Globomantics",
              "environment": "development",
              "project": "Globomantics-test"
            },
            "version_id": "",
            "website_redirect": ""
          },
          "sensitive_attributes": [],
          "private": "bnVsbA==",
          "dependencies": [
            "module.web_app_s3.aws_s3_bucket.web_bucket",
            "random_integer.s3"
          ]
        },
        {
          "index_key": "website",
          "schema_version": 0,
          "attributes": {
            "acl": "private",
            "bucket": "globo-web-app-development-28859",
            "bucket_key_enabled": false,
            "cache_control": "",
            "content": null,
            "content_base64": null,
            "content_disposition": "",
            "content_encoding": "",
            "content_language": "",
            "content_type": "binary/octet-stream",
            "etag": "c50d7bb0f7d9dc993dd2c60c4416da23",
            "force_destroy": false,
            "id": "/website/index.html",
            "key": "/website/index.html",
            "kms_key_id": null,
            "metadata": null,
            "object_lock_legal_hold_status": "",
            "object_lock_mode": "",
            "object_lock_retain_until_date": "",
            "server_side_encryption": "AES256",
            "source": ".//website/index.html",
            "source_hash": null,
            "storage_class": "STANDARD",
            "tags": {
              "billing_code": "827518711034",
              "company": "Globomantics",
              "environment": "development",
              "project": "Globomantics-test"
            },
            "tags_all": {
              "billing_code": "827518711034",
              "company": "Globomantics",
              "environment": "development",
              "project": "Globomantics-test"
            },
            "version_id": "",
            "website_redirect": ""
          },
          "sensitive_attributes": [],
          "private": "bnVsbA==",
          "dependencies": [
            "module.web_app_s3.aws_s3_bucket.web_bucket",
            "random_integer.s3"
          ]
        }
      ]
    },
    {
      "mode": "managed",
      "type": "aws_security_group",
      "name": "alb_sg",
      "provider": "provider[\"registry.terraform.io/hashicorp/aws\"]",
      "instances": [
        {
          "schema_version": 1,
          "attributes": {
            "arn": "arn:aws:ec2:us-east-1:827518711034:security-group/sg-055b170b0cae01a3e",
            "description": "Managed by Terraform",
            "egress": [
              {
                "cidr_blocks": [
                  "0.0.0.0/0"
                ],
                "description": "",
                "from_port": 0,
                "ipv6_cidr_blocks": [],
                "prefix_list_ids": [],
                "protocol": "-1",
                "security_groups": [],
                "self": false,
                "to_port": 0
              }
            ],
            "id": "sg-055b170b0cae01a3e",
            "ingress": [
              {
                "cidr_blocks": [
                  "0.0.0.0/0"
                ],
                "description": "",
                "from_port": 80,
                "ipv6_cidr_blocks": [],
                "prefix_list_ids": [],
                "protocol": "tcp",
                "security_groups": [],
                "self": false,
                "to_port": 80
              }
            ],
            "name": "globo-web-app-development-nginx_alb_sg",
            "name_prefix": "",
            "owner_id": "827518711034",
            "revoke_rules_on_delete": false,
            "tags": {
              "billing_code": "827518711034",
              "company": "Globomantics",
              "environment": "development",
              "project": "Globomantics-test"
            },
            "tags_all": {
              "billing_code": "827518711034",
              "company": "Globomantics",
              "environment": "development",
              "project": "Globomantics-test"
            },
            "timeouts": null,
            "vpc_id": "vpc-0cb2e1ab4be13f606"
          },
          "sensitive_attributes": [],
          "private": "eyJlMmJmYjczMC1lY2FhLTExZTYtOGY4OC0zNDM2M2JjN2M0YzAiOnsiY3JlYXRlIjo2MDAwMDAwMDAwMDAsImRlbGV0ZSI6OTAwMDAwMDAwMDAwfSwic2NoZW1hX3ZlcnNpb24iOiIxIn0=",
          "dependencies": [
            "module.app.aws_vpc.this"
          ]
        }
      ]
    },
    {
      "mode": "managed",
      "type": "aws_security_group",
      "name": "nginx_sg",
      "provider": "provider[\"registry.terraform.io/hashicorp/aws\"]",
      "instances": [
        {
          "schema_version": 1,
          "attributes": {
            "arn": "arn:aws:ec2:us-east-1:827518711034:security-group/sg-0e4e66bd8f922e3d1",
            "description": "Managed by Terraform",
            "egress": [
              {
                "cidr_blocks": [
                  "0.0.0.0/0"
                ],
                "description": "",
                "from_port": 0,
                "ipv6_cidr_blocks": [],
                "prefix_list_ids": [],
                "protocol": "-1",
                "security_groups": [],
                "self": false,
                "to_port": 0
              }
            ],
            "id": "sg-0e4e66bd8f922e3d1",
            "ingress": [
              {
                "cidr_blocks": [
                  "10.0.0.0/16"
                ],
                "description": "",
                "from_port": 80,
                "ipv6_cidr_blocks": [],
                "prefix_list_ids": [],
                "protocol": "tcp",
                "security_groups": [],
                "self": false,
                "to_port": 80
              }
            ],
            "name": "globo-web-app-development-nginx_sg",
            "name_prefix": "",
            "owner_id": "827518711034",
            "revoke_rules_on_delete": false,
            "tags": {
              "billing_code": "827518711034",
              "company": "Globomantics",
              "environment": "development",
              "project": "Globomantics-test"
            },
            "tags_all": {
              "billing_code": "827518711034",
              "company": "Globomantics",
              "environment": "development",
              "project": "Globomantics-test"
            },
            "timeouts": null,
            "vpc_id": "vpc-0cb2e1ab4be13f606"
          },
          "sensitive_attributes": [],
          "private": "eyJlMmJmYjczMC1lY2FhLTExZTYtOGY4OC0zNDM2M2JjN2M0YzAiOnsiY3JlYXRlIjo2MDAwMDAwMDAwMDAsImRlbGV0ZSI6OTAwMDAwMDAwMDAwfSwic2NoZW1hX3ZlcnNpb24iOiIxIn0=",
          "dependencies": [
            "module.app.aws_vpc.this"
          ]
        }
      ]
    },
    {
      "mode": "managed",
      "type": "random_integer",
      "name": "s3",
      "provider": "provider[\"registry.terraform.io/hashicorp/random\"]",
      "instances": [
        {
          "schema_version": 0,
          "attributes": {
            "id": "28859",
            "keepers": null,
            "max": 99999,
            "min": 10000,
            "result": 28859,
            "seed": null
          },
          "sensitive_attributes": []
        }
      ]
    },
    {
      "module": "module.app",
      "mode": "managed",
      "type": "aws_default_network_acl",
      "name": "this",
      "provider": "provider[\"registry.terraform.io/hashicorp/aws\"]",
      "instances": [
        {
          "index_key": 0,
          "schema_version": 0,
          "attributes": {
            "arn": "arn:aws:ec2:us-east-1:827518711034:network-acl/acl-04a6d8106e41f5767",
            "default_network_acl_id": "acl-04a6d8106e41f5767",
            "egress": [
              {
                "action": "allow",
                "cidr_block": "",
                "from_port": 0,
                "icmp_code": null,
                "icmp_type": null,
                "ipv6_cidr_block": "::/0",
                "protocol": "-1",
                "rule_no": 101,
                "to_port": 0
              },
              {
                "action": "allow",
                "cidr_block": "0.0.0.0/0",
                "from_port": 0,
                "icmp_code": null,
                "icmp_type": null,
                "ipv6_cidr_block": "",
                "protocol": "-1",
                "rule_no": 100,
                "to_port": 0
              }
            ],
            "id": "acl-04a6d8106e41f5767",
            "ingress": [
              {
                "action": "allow",
                "cidr_block": "",
                "from_port": 0,
                "icmp_code": null,
                "icmp_type": null,
                "ipv6_cidr_block": "::/0",
                "protocol": "-1",
                "rule_no": 101,
                "to_port": 0
              },
              {
                "action": "allow",
                "cidr_block": "0.0.0.0/0",
                "from_port": 0,
                "icmp_code": null,
                "icmp_type": null,
                "ipv6_cidr_block": "",
                "protocol": "-1",
                "rule_no": 100,
                "to_port": 0
              }
            ],
            "owner_id": "827518711034",
            "subnet_ids": [
              "subnet-0d6d4a09525936f89",
              "subnet-0e69840a804212945"
            ],
            "tags": {
              "Name": "globo-web-app-development-vpc",
              "billing_code": "827518711034",
              "company": "Globomantics",
              "environment": "development",
              "project": "Globomantics-test"
            },
            "tags_all": {
              "Name": "globo-web-app-development-vpc",
              "billing_code": "827518711034",
              "company": "Globomantics",
              "environment": "development",
              "project": "Globomantics-test"
            },
            "vpc_id": "vpc-0cb2e1ab4be13f606"
          },
          "sensitive_attributes": [],
          "private": "bnVsbA==",
          "dependencies": [
            "module.app.aws_vpc.this"
          ]
        }
      ]
    },
    {
      "module": "module.app",
      "mode": "managed",
      "type": "aws_default_route_table",
      "name": "default",
      "provider": "provider[\"registry.terraform.io/hashicorp/aws\"]",
      "instances": [
        {
          "index_key": 0,
          "schema_version": 0,
          "attributes": {
            "arn": "arn:aws:ec2:us-east-1:827518711034:route-table/rtb-09353ab7f758c8280",
            "default_route_table_id": "rtb-09353ab7f758c8280",
            "id": "rtb-09353ab7f758c8280",
            "owner_id": "827518711034",
            "propagating_vgws": null,
            "route": [],
            "tags": {
              "Name": "globo-web-app-development-vpc",
              "billing_code": "827518711034",
              "company": "Globomantics",
              "environment": "development",
              "project": "Globomantics-test"
            },
            "tags_all": {
              "Name": "globo-web-app-development-vpc",
              "billing_code": "827518711034",
              "company": "Globomantics",
              "environment": "development",
              "project": "Globomantics-test"
            },
            "timeouts": {
              "create": "5m",
              "update": "5m"
            },
            "vpc_id": "vpc-0cb2e1ab4be13f606"
          },
          "sensitive_attributes": [],
          "private": "eyJlMmJmYjczMC1lY2FhLTExZTYtOGY4OC0zNDM2M2JjN2M0YzAiOnsiY3JlYXRlIjozMDAwMDAwMDAwMDAsInVwZGF0ZSI6MzAwMDAwMDAwMDAwfX0=",
          "dependencies": [
            "module.app.aws_vpc.this"
          ]
        }
      ]
    },
    {
      "module": "module.app",
      "mode": "managed",
      "type": "aws_default_security_group",
      "name": "this",
      "provider": "provider[\"registry.terraform.io/hashicorp/aws\"]",
      "instances": [
        {
          "index_key": 0,
          "schema_version": 1,
          "attributes": {
            "arn": "arn:aws:ec2:us-east-1:827518711034:security-group/sg-08dc5db39437259e8",
            "description": "default VPC security group",
            "egress": [],
            "id": "sg-08dc5db39437259e8",
            "ingress": [],
            "name": "default",
            "name_prefix": "",
            "owner_id": "827518711034",
            "revoke_rules_on_delete": false,
            "tags": {
              "Name": "globo-web-app-development-vpc",
              "billing_code": "827518711034",
              "company": "Globomantics",
              "environment": "development",
              "project": "Globomantics-test"
            },
            "tags_all": {
              "Name": "globo-web-app-development-vpc",
              "billing_code": "827518711034",
              "company": "Globomantics",
              "environment": "development",
              "project": "Globomantics-test"
            },
            "vpc_id": "vpc-0cb2e1ab4be13f606"
          },
          "sensitive_attributes": [],
          "private": "eyJzY2hlbWFfdmVyc2lvbiI6IjEifQ==",
          "dependencies": [
            "module.app.aws_vpc.this"
          ]
        }
      ]
    },
    {
      "module": "module.app",
      "mode": "managed",
      "type": "aws_internet_gateway",
      "name": "this",
      "provider": "provider[\"registry.terraform.io/hashicorp/aws\"]",
      "instances": [
        {
          "index_key": 0,
          "schema_version": 0,
          "attributes": {
            "arn": "arn:aws:ec2:us-east-1:827518711034:internet-gateway/igw-0181fd9ce5f945f46",
            "id": "igw-0181fd9ce5f945f46",
            "owner_id": "827518711034",
            "tags": {
              "Name": "globo-web-app-development-vpc",
              "billing_code": "827518711034",
              "company": "Globomantics",
              "environment": "development",
              "project": "Globomantics-test"
            },
            "tags_all": {
              "Name": "globo-web-app-development-vpc",
              "billing_code": "827518711034",
              "company": "Globomantics",
              "environment": "development",
              "project": "Globomantics-test"
            },
            "timeouts": null,
            "vpc_id": "vpc-0cb2e1ab4be13f606"
          },
          "sensitive_attributes": [],
          "private": "eyJlMmJmYjczMC1lY2FhLTExZTYtOGY4OC0zNDM2M2JjN2M0YzAiOnsiY3JlYXRlIjoxMjAwMDAwMDAwMDAwLCJkZWxldGUiOjEyMDAwMDAwMDAwMDAsInVwZGF0ZSI6MTIwMDAwMDAwMDAwMH19",
          "dependencies": [
            "module.app.aws_vpc.this",
            "module.app.aws_vpc_ipv4_cidr_block_association.this"
          ]
        }
      ]
    },
    {
      "module": "module.app",
      "mode": "managed",
      "type": "aws_route",
      "name": "public_internet_gateway",
      "provider": "provider[\"registry.terraform.io/hashicorp/aws\"]",
      "instances": [
        {
          "index_key": 0,
          "schema_version": 0,
          "attributes": {
            "carrier_gateway_id": "",
            "core_network_arn": "",
            "destination_cidr_block": "0.0.0.0/0",
            "destination_ipv6_cidr_block": "",
            "destination_prefix_list_id": "",
            "egress_only_gateway_id": "",
            "gateway_id": "igw-0181fd9ce5f945f46",
            "id": "r-rtb-01657aba8365390f21080289494",
            "instance_id": "",
            "instance_owner_id": "",
            "local_gateway_id": "",
            "nat_gateway_id": "",
            "network_interface_id": "",
            "origin": "CreateRoute",
            "route_table_id": "rtb-01657aba8365390f2",
            "state": "active",
            "timeouts": {
              "create": "5m",
              "delete": null,
              "update": null
            },
            "transit_gateway_id": "",
            "vpc_endpoint_id": "",
            "vpc_peering_connection_id": ""
          },
          "sensitive_attributes": [],
          "private": "eyJlMmJmYjczMC1lY2FhLTExZTYtOGY4OC0zNDM2M2JjN2M0YzAiOnsiY3JlYXRlIjozMDAwMDAwMDAwMDAsImRlbGV0ZSI6MzAwMDAwMDAwMDAwLCJ1cGRhdGUiOjEyMDAwMDAwMDAwMH19",
          "dependencies": [
            "module.app.aws_internet_gateway.this",
            "module.app.aws_route_table.public",
            "module.app.aws_vpc.this",
            "module.app.aws_vpc_ipv4_cidr_block_association.this"
          ]
        }
      ]
    },
    {
      "module": "module.app",
      "mode": "managed",
      "type": "aws_route_table",
      "name": "public",
      "provider": "provider[\"registry.terraform.io/hashicorp/aws\"]",
      "instances": [
        {
          "index_key": 0,
          "schema_version": 0,
          "attributes": {
            "arn": "arn:aws:ec2:us-east-1:827518711034:route-table/rtb-01657aba8365390f2",
            "id": "rtb-01657aba8365390f2",
            "owner_id": "827518711034",
            "propagating_vgws": [],
            "route": [],
            "tags": {
              "Name": "globo-web-app-development-vpc",
              "billing_code": "827518711034",
              "company": "Globomantics",
              "environment": "development",
              "project": "Globomantics-test"
            },
            "tags_all": {
              "Name": "globo-web-app-development-vpc",
              "billing_code": "827518711034",
              "company": "Globomantics",
              "environment": "development",
              "project": "Globomantics-test"
            },
            "timeouts": null,
            "vpc_id": "vpc-0cb2e1ab4be13f606"
          },
          "sensitive_attributes": [],
          "private": "eyJlMmJmYjczMC1lY2FhLTExZTYtOGY4OC0zNDM2M2JjN2M0YzAiOnsiY3JlYXRlIjozMDAwMDAwMDAwMDAsImRlbGV0ZSI6MzAwMDAwMDAwMDAwLCJ1cGRhdGUiOjEyMDAwMDAwMDAwMH19",
          "dependencies": [
            "module.app.aws_vpc.this",
            "module.app.aws_vpc_ipv4_cidr_block_association.this"
          ]
        }
      ]
    },
    {
      "module": "module.app",
      "mode": "managed",
      "type": "aws_route_table_association",
      "name": "public",
      "provider": "provider[\"registry.terraform.io/hashicorp/aws\"]",
      "instances": [
        {
          "index_key": 0,
          "schema_version": 0,
          "attributes": {
            "gateway_id": "",
            "id": "rtbassoc-0d1204378f84baac9",
            "route_table_id": "rtb-01657aba8365390f2",
            "subnet_id": "subnet-0d6d4a09525936f89",
            "timeouts": null
          },
          "sensitive_attributes": [],
          "private": "eyJlMmJmYjczMC1lY2FhLTExZTYtOGY4OC0zNDM2M2JjN2M0YzAiOnsiY3JlYXRlIjozMDAwMDAwMDAwMDAsImRlbGV0ZSI6MzAwMDAwMDAwMDAwLCJ1cGRhdGUiOjEyMDAwMDAwMDAwMH19",
          "dependencies": [
            "data.aws_availability_zones.available",
            "module.app.aws_route_table.public",
            "module.app.aws_subnet.public",
            "module.app.aws_vpc.this",
            "module.app.aws_vpc_ipv4_cidr_block_association.this"
          ]
        },
        {
          "index_key": 1,
          "schema_version": 0,
          "attributes": {
            "gateway_id": "",
            "id": "rtbassoc-025447fd67e58be75",
            "route_table_id": "rtb-01657aba8365390f2",
            "subnet_id": "subnet-0e69840a804212945",
            "timeouts": null
          },
          "sensitive_attributes": [],
          "private": "eyJlMmJmYjczMC1lY2FhLTExZTYtOGY4OC0zNDM2M2JjN2M0YzAiOnsiY3JlYXRlIjozMDAwMDAwMDAwMDAsImRlbGV0ZSI6MzAwMDAwMDAwMDAwLCJ1cGRhdGUiOjEyMDAwMDAwMDAwMH19",
          "dependencies": [
            "data.aws_availability_zones.available",
            "module.app.aws_route_table.public",
            "module.app.aws_subnet.public",
            "module.app.aws_vpc.this",
            "module.app.aws_vpc_ipv4_cidr_block_association.this"
          ]
        }
      ]
    },
    {
      "module": "module.app",
      "mode": "managed",
      "type": "aws_subnet",
      "name": "public",
      "provider": "provider[\"registry.terraform.io/hashicorp/aws\"]",
      "instances": [
        {
          "index_key": 0,
          "schema_version": 1,
          "attributes": {
            "arn": "arn:aws:ec2:us-east-1:827518711034:subnet/subnet-0d6d4a09525936f89",
            "assign_ipv6_address_on_creation": false,
            "availability_zone": "us-east-1a",
            "availability_zone_id": "use1-az4",
            "cidr_block": "10.0.0.0/24",
            "customer_owned_ipv4_pool": "",
            "enable_dns64": false,
            "enable_lni_at_device_index": 0,
            "enable_resource_name_dns_a_record_on_launch": false,
            "enable_resource_name_dns_aaaa_record_on_launch": false,
            "id": "subnet-0d6d4a09525936f89",
            "ipv6_cidr_block": "",
            "ipv6_cidr_block_association_id": "",
            "ipv6_native": false,
            "map_customer_owned_ip_on_launch": false,
            "map_public_ip_on_launch": true,
            "outpost_arn": "",
            "owner_id": "827518711034",
            "private_dns_hostname_type_on_launch": "ip-name",
            "tags": {
              "Name": "globo-web-app-development-vpc",
              "billing_code": "827518711034",
              "company": "Globomantics",
              "environment": "development",
              "project": "Globomantics-test"
            },
            "tags_all": {
              "Name": "globo-web-app-development-vpc",
              "billing_code": "827518711034",
              "company": "Globomantics",
              "environment": "development",
              "project": "Globomantics-test"
            },
            "timeouts": null,
            "vpc_id": "vpc-0cb2e1ab4be13f606"
          },
          "sensitive_attributes": [],
          "private": "eyJlMmJmYjczMC1lY2FhLTExZTYtOGY4OC0zNDM2M2JjN2M0YzAiOnsiY3JlYXRlIjo2MDAwMDAwMDAwMDAsImRlbGV0ZSI6MTIwMDAwMDAwMDAwMH0sInNjaGVtYV92ZXJzaW9uIjoiMSJ9",
          "dependencies": [
            "data.aws_availability_zones.available",
            "module.app.aws_vpc.this",
            "module.app.aws_vpc_ipv4_cidr_block_association.this"
          ]
        },
        {
          "index_key": 1,
          "schema_version": 1,
          "attributes": {
            "arn": "arn:aws:ec2:us-east-1:827518711034:subnet/subnet-0e69840a804212945",
            "assign_ipv6_address_on_creation": false,
            "availability_zone": "us-east-1b",
            "availability_zone_id": "use1-az6",
            "cidr_block": "10.0.1.0/24",
            "customer_owned_ipv4_pool": "",
            "enable_dns64": false,
            "enable_lni_at_device_index": 0,
            "enable_resource_name_dns_a_record_on_launch": false,
            "enable_resource_name_dns_aaaa_record_on_launch": false,
            "id": "subnet-0e69840a804212945",
            "ipv6_cidr_block": "",
            "ipv6_cidr_block_association_id": "",
            "ipv6_native": false,
            "map_customer_owned_ip_on_launch": false,
            "map_public_ip_on_launch": true,
            "outpost_arn": "",
            "owner_id": "827518711034",
            "private_dns_hostname_type_on_launch": "ip-name",
            "tags": {
              "Name": "globo-web-app-development-vpc",
              "billing_code": "827518711034",
              "company": "Globomantics",
              "environment": "development",
              "project": "Globomantics-test"
            },
            "tags_all": {
              "Name": "globo-web-app-development-vpc",
              "billing_code": "827518711034",
              "company": "Globomantics",
              "environment": "development",
              "project": "Globomantics-test"
            },
            "timeouts": null,
            "vpc_id": "vpc-0cb2e1ab4be13f606"
          },
          "sensitive_attributes": [],
          "private": "eyJlMmJmYjczMC1lY2FhLTExZTYtOGY4OC0zNDM2M2JjN2M0YzAiOnsiY3JlYXRlIjo2MDAwMDAwMDAwMDAsImRlbGV0ZSI6MTIwMDAwMDAwMDAwMH0sInNjaGVtYV92ZXJzaW9uIjoiMSJ9",
          "dependencies": [
            "data.aws_availability_zones.available",
            "module.app.aws_vpc.this",
            "module.app.aws_vpc_ipv4_cidr_block_association.this"
          ]
        }
      ]
    },
    {
      "module": "module.app",
      "mode": "managed",
      "type": "aws_vpc",
      "name": "this",
      "provider": "provider[\"registry.terraform.io/hashicorp/aws\"]",
      "instances": [
        {
          "index_key": 0,
          "schema_version": 1,
          "attributes": {
            "arn": "arn:aws:ec2:us-east-1:827518711034:vpc/vpc-0cb2e1ab4be13f606",
            "assign_generated_ipv6_cidr_block": false,
            "cidr_block": "10.0.0.0/16",
            "default_network_acl_id": "acl-04a6d8106e41f5767",
            "default_route_table_id": "rtb-09353ab7f758c8280",
            "default_security_group_id": "sg-08dc5db39437259e8",
            "dhcp_options_id": "dopt-067e434b9f487f65f",
            "enable_classiclink": false,
            "enable_classiclink_dns_support": false,
            "enable_dns_hostnames": true,
            "enable_dns_support": true,
            "enable_network_address_usage_metrics": false,
            "id": "vpc-0cb2e1ab4be13f606",
            "instance_tenancy": "default",
            "ipv4_ipam_pool_id": null,
            "ipv4_netmask_length": null,
            "ipv6_association_id": "",
            "ipv6_cidr_block": "",
            "ipv6_cidr_block_network_border_group": "",
            "ipv6_ipam_pool_id": "",
            "ipv6_netmask_length": 0,
            "main_route_table_id": "rtb-09353ab7f758c8280",
            "owner_id": "827518711034",
            "tags": {
              "Name": "globo-web-app-development-vpc",
              "billing_code": "827518711034",
              "company": "Globomantics",
              "environment": "development",
              "project": "Globomantics-test"
            },
            "tags_all": {
              "Name": "globo-web-app-development-vpc",
              "billing_code": "827518711034",
              "company": "Globomantics",
              "environment": "development",
              "project": "Globomantics-test"
            }
          },
          "sensitive_attributes": [],
          "private": "eyJzY2hlbWFfdmVyc2lvbiI6IjEifQ=="
        }
      ]
    },
    {
      "module": "module.web_app_s3",
      "mode": "managed",
      "type": "aws_iam_instance_profile",
      "name": "nginx_profile",
      "provider": "provider[\"registry.terraform.io/hashicorp/aws\"]",
      "instances": [
        {
          "schema_version": 0,
          "attributes": {
            "arn": "arn:aws:iam::827518711034:instance-profile/nginx_profile",
            "create_date": "2023-07-15T16:00:40Z",
            "id": "nginx_profile",
            "name": "nginx_profile",
            "name_prefix": "",
            "path": "/",
            "role": "allow_nginx_s3",
            "tags": {
              "billing_code": "827518711034",
              "company": "Globomantics",
              "environment": "development",
              "project": "Globomantics-test"
            },
            "tags_all": {
              "billing_code": "827518711034",
              "company": "Globomantics",
              "environment": "development",
              "project": "Globomantics-test"
            },
            "unique_id": "AIPA4BK7VOT5NZO5KLKBD"
          },
          "sensitive_attributes": [],
          "private": "bnVsbA==",
          "dependencies": [
            "module.web_app_s3.aws_iam_role.allow_nginx_s3"
          ]
        }
      ]
    },
    {
      "module": "module.web_app_s3",
      "mode": "managed",
      "type": "aws_iam_role",
      "name": "allow_nginx_s3",
      "provider": "provider[\"registry.terraform.io/hashicorp/aws\"]",
      "instances": [
        {
          "schema_version": 0,
          "attributes": {
            "arn": "arn:aws:iam::827518711034:role/allow_nginx_s3",
            "assume_role_policy": "{\"Statement\":[{\"Action\":\"sts:AssumeRole\",\"Effect\":\"Allow\",\"Principal\":{\"Service\":\"ec2.amazonaws.com\"},\"Sid\":\"\"}],\"Version\":\"2012-10-17\"}",
            "create_date": "2023-07-15T16:00:40Z",
            "description": "",
            "force_detach_policies": false,
            "id": "allow_nginx_s3",
            "inline_policy": [],
            "managed_policy_arns": [],
            "max_session_duration": 3600,
            "name": "allow_nginx_s3",
            "name_prefix": "",
            "path": "/",
            "permissions_boundary": null,
            "role_last_used": [
              {
                "last_used_date": "",
                "region": ""
              }
            ],
            "tags": {
              "billing_code": "827518711034",
              "company": "Globomantics",
              "environment": "development",
              "project": "Globomantics-test"
            },
            "tags_all": {
              "billing_code": "827518711034",
              "company": "Globomantics",
              "environment": "development",
              "project": "Globomantics-test"
            },
            "unique_id": "AROA4BK7VOT5LGN3EINBL"
          },
          "sensitive_attributes": [],
          "private": "bnVsbA=="
        }
      ]
    },
    {
      "module": "module.web_app_s3",
      "mode": "managed",
      "type": "aws_iam_role_policy",
      "name": "allow_s3_all",
      "provider": "provider[\"registry.terraform.io/hashicorp/aws\"]",
      "instances": [
        {
          "schema_version": 0,
          "attributes": {
            "id": "allow_nginx_s3:allow_s3_all",
            "name": "allow_s3_all",
            "name_prefix": null,
            "policy": "{\"Version\":\"2012-10-17\",\"Statement\":[{\"Action\":[\"s3:*\"],\"Effect\":\"Allow\",\"Resource\":[\"arn:aws:s3:::globo-web-app-development-28859\",\"arn:aws:s3:::globo-web-app-development-28859/*\"]}]}",
            "role": "allow_nginx_s3"
          },
          "sensitive_attributes": [],
          "private": "bnVsbA==",
          "dependencies": [
            "module.web_app_s3.aws_iam_role.allow_nginx_s3",
            "random_integer.s3"
          ]
        }
      ]
    },
    {
      "module": "module.web_app_s3",
      "mode": "managed",
      "type": "aws_s3_bucket",
      "name": "web_bucket",
      "provider": "provider[\"registry.terraform.io/hashicorp/aws\"]",
      "instances": [
        {
          "schema_version": 0,
          "attributes": {
            "acceleration_status": "",
            "acl": null,
            "arn": "arn:aws:s3:::globo-web-app-development-28859",
            "bucket": "globo-web-app-development-28859",
            "bucket_domain_name": "globo-web-app-development-28859.s3.amazonaws.com",
            "bucket_prefix": "",
            "bucket_regional_domain_name": "globo-web-app-development-28859.s3.amazonaws.com",
            "cors_rule": [],
            "force_destroy": true,
            "grant": [
              {
                "id": "cf3f953e601c3bf5f2f977d14645b0f9c30623d98de3bea019ddae8edca32eba",
                "permissions": [
                  "FULL_CONTROL"
                ],
                "type": "CanonicalUser",
                "uri": ""
              }
            ],
            "hosted_zone_id": "Z3AQBSTGFYJSTF",
            "id": "globo-web-app-development-28859",
            "lifecycle_rule": [],
            "logging": [],
            "object_lock_configuration": [],
            "object_lock_enabled": false,
            "policy": "",
            "region": "us-east-1",
            "replication_configuration": [],
            "request_payer": "BucketOwner",
            "server_side_encryption_configuration": [
              {
                "rule": [
                  {
                    "apply_server_side_encryption_by_default": [
                      {
                        "kms_master_key_id": "",
                        "sse_algorithm": "AES256"
                      }
                    ],
                    "bucket_key_enabled": false
                  }
                ]
              }
            ],
            "tags": {
              "billing_code": "827518711034",
              "company": "Globomantics",
              "environment": "development",
              "project": "Globomantics-test"
            },
            "tags_all": {
              "billing_code": "827518711034",
              "company": "Globomantics",
              "environment": "development",
              "project": "Globomantics-test"
            },
            "timeouts": null,
            "versioning": [
              {
                "enabled": false,
                "mfa_delete": false
              }
            ],
            "website": [],
            "website_domain": null,
            "website_endpoint": null
          },
          "sensitive_attributes": [],
          "private": "eyJlMmJmYjczMC1lY2FhLTExZTYtOGY4OC0zNDM2M2JjN2M0YzAiOnsiY3JlYXRlIjoxMjAwMDAwMDAwMDAwLCJkZWxldGUiOjM2MDAwMDAwMDAwMDAsInJlYWQiOjEyMDAwMDAwMDAwMDAsInVwZGF0ZSI6MTIwMDAwMDAwMDAwMH19",
          "dependencies": [
            "random_integer.s3"
          ]
        }
      ]
    },
    {
      "module": "module.web_app_s3",
      "mode": "managed",
      "type": "aws_s3_bucket_policy",
      "name": "web_bucket",
      "provider": "provider[\"registry.terraform.io/hashicorp/aws\"]",
      "instances": [
        {
          "schema_version": 0,
          "attributes": {
            "bucket": "globo-web-app-development-28859",
            "id": "globo-web-app-development-28859",
            "policy": "{\"Statement\":[{\"Action\":\"s3:PutObject\",\"Effect\":\"Allow\",\"Principal\":{\"AWS\":\"arn:aws:iam::127311923021:root\"},\"Resource\":\"arn:aws:s3:::globo-web-app-development-28859/alb-logs/*\"},{\"Action\":\"s3:PutObject\",\"Condition\":{\"StringEquals\":{\"s3:x-amz-acl\":\"bucket-owner-full-control\"}},\"Effect\":\"Allow\",\"Principal\":{\"Service\":\"delivery.logs.amazonaws.com\"},\"Resource\":\"arn:aws:s3:::globo-web-app-development-28859/alb-logs/*\"},{\"Action\":\"s3:GetBucketAcl\",\"Effect\":\"Allow\",\"Principal\":{\"Service\":\"delivery.logs.amazonaws.com\"},\"Resource\":\"arn:aws:s3:::globo-web-app-development-28859\"}],\"Version\":\"2012-10-17\"}"
          },
          "sensitive_attributes": [],
          "private": "bnVsbA==",
          "dependencies": [
            "data.aws_elb_service_account.root",
            "module.web_app_s3.aws_s3_bucket.web_bucket",
            "random_integer.s3"
          ]
        }
      ]
    }
  ],
  "check_results": null
}
